
Microsoft Visual Studio Solution File, Format Version 12.00
# Visual Studio 15
VisualStudioVersion = 15.0.27703.2047
MinimumVisualStudioVersion = 10.0.40219.1
Project("{E24C65DC-7377-472B-9ABA-BC803B73C61A}") = "Acesse", "Acesse\", "{EB968281-B857-47DB-BD9C-559ADE665B92}"
	ProjectSection(WebsiteProperties) = preProject
		TargetFrameworkMoniker = ".NETFramework,Version%3Dv4.6.1"
		Debug.AspNetCompiler.VirtualPath = "/localhost_58650"
		Debug.AspNetCompiler.PhysicalPath = "Acesse\"
		Debug.AspNetCompiler.TargetPath = "PrecompiledWeb\localhost_58650\"
		Debug.AspNetCompiler.Updateable = "true"
		Debug.AspNetCompiler.ForceOverwrite = "true"
		Debug.AspNetCompiler.FixedNames = "false"
		Debug.AspNetCompiler.Debug = "True"
		Release.AspNetCompiler.VirtualPath = "/localhost_58650"
		Release.AspNetCompiler.PhysicalPath = "Acesse\"
		Release.AspNetCompiler.TargetPath = "PrecompiledWeb\localhost_58650\"
		Release.AspNetCompiler.Updateable = "true"
		Release.AspNetCompiler.ForceOverwrite = "true"
		Release.AspNetCompiler.FixedNames = "false"
		Release.AspNetCompiler.Debug = "False"
		VWDPort = "58650"
		SlnRelativePath = "Acesse\"
		DefaultWebSiteLanguage = "Visual C#"
	EndProjectSection
EndProject
Global
	GlobalSection(SolutionConfigurationPlatforms) = preSolution
		Debug|Any CPU = Debug|Any CPU
	EndGlobalSection
	GlobalSection(ProjectConfigurationPlatforms) = postSolution
		{EB968281-B857-47DB-BD9C-559ADE665B92}.Debug|Any CPU.ActiveCfg = Debug|Any CPU
		{EB968281-B857-47DB-BD9C-559ADE665B92}.Debug|Any CPU.Build.0 = Debug|Any CPU
	EndGlobalSection
	GlobalSection(SolutionProperties) = preSolution
		HideSolutionNode = FALSE
	EndGlobalSection
	GlobalSection(ExtensibilityGlobals) = postSolution
		SolutionGuid = {1FDF7D7B-3EAF-4C8F-9181-9FEC76ECF9DC}
	EndGlobalSection
EndGlobal
